
Microsoft Visual Studio Solution File, Format Version 12.00
# Visual Studio Version 16
VisualStudioVersion = 16.0.31624.102
MinimumVisualStudioVersion = 10.0.40219.1
Project("{9A19103F-16F7-4668-BE54-9A1E7A4F7556}") = "PrintShapesKata", "debugging_och_datastrukturer\PrintShapesKata.csproj", "{0002F22F-AE71-4DA2-B664-396C35041122}"
EndProject
Project("{9A19103F-16F7-4668-BE54-9A1E7A4F7556}") = "Tests", "Tests\Tests.csproj", "{3FE5D7CF-6DA3-47C4-977E-7C524C02AAD1}"
EndProject
Project("{9A19103F-16F7-4668-BE54-9A1E7A4F7556}") = "KataSolutions", "KataSolutions\KataSolutions.csproj", "{19B9B5EE-31EF-4F10-A594-477EEB5BD097}"
EndProject
Project("{9A19103F-16F7-4668-BE54-9A1E7A4F7556}") = "KomplexaDatatyperKata", "KomplexaDatatyperKatas\KomplexaDatatyperKata.csproj", "{F819C80A-E7B8-4819-BDB4-1AECF0219B14}"
EndProject
Global
	GlobalSection(SolutionConfigurationPlatforms) = preSolution
		Debug|Any CPU = Debug|Any CPU
		Release|Any CPU = Release|Any CPU
	EndGlobalSection
	GlobalSection(ProjectConfigurationPlatforms) = postSolution
		{0002F22F-AE71-4DA2-B664-396C35041122}.Debug|Any CPU.ActiveCfg = Debug|Any CPU
		{0002F22F-AE71-4DA2-B664-396C35041122}.Debug|Any CPU.Build.0 = Debug|Any CPU
		{0002F22F-AE71-4DA2-B664-396C35041122}.Release|Any CPU.ActiveCfg = Release|Any CPU
		{0002F22F-AE71-4DA2-B664-396C35041122}.Release|Any CPU.Build.0 = Release|Any CPU
		{3FE5D7CF-6DA3-47C4-977E-7C524C02AAD1}.Debug|Any CPU.ActiveCfg = Debug|Any CPU
		{3FE5D7CF-6DA3-47C4-977E-7C524C02AAD1}.Debug|Any CPU.Build.0 = Debug|Any CPU
		{3FE5D7CF-6DA3-47C4-977E-7C524C02AAD1}.Release|Any CPU.ActiveCfg = Release|Any CPU
		{3FE5D7CF-6DA3-47C4-977E-7C524C02AAD1}.Release|Any CPU.Build.0 = Release|Any CPU
		{19B9B5EE-31EF-4F10-A594-477EEB5BD097}.Debug|Any CPU.ActiveCfg = Debug|Any CPU
		{19B9B5EE-31EF-4F10-A594-477EEB5BD097}.Debug|Any CPU.Build.0 = Debug|Any CPU
		{19B9B5EE-31EF-4F10-A594-477EEB5BD097}.Release|Any CPU.ActiveCfg = Release|Any CPU
		{19B9B5EE-31EF-4F10-A594-477EEB5BD097}.Release|Any CPU.Build.0 = Release|Any CPU
		{F819C80A-E7B8-4819-BDB4-1AECF0219B14}.Debug|Any CPU.ActiveCfg = Debug|Any CPU
		{F819C80A-E7B8-4819-BDB4-1AECF0219B14}.Debug|Any CPU.Build.0 = Debug|Any CPU
		{F819C80A-E7B8-4819-BDB4-1AECF0219B14}.Release|Any CPU.ActiveCfg = Release|Any CPU
		{F819C80A-E7B8-4819-BDB4-1AECF0219B14}.Release|Any CPU.Build.0 = Release|Any CPU
	EndGlobalSection
	GlobalSection(SolutionProperties) = preSolution
		HideSolutionNode = FALSE
	EndGlobalSection
	GlobalSection(ExtensibilityGlobals) = postSolution
		SolutionGuid = {8E150FC7-E170-4255-A7A3-A034FA428347}
	EndGlobalSection
EndGlobal
